
Microsoft Visual Studio Solution File, Format Version 12.00
# Visual Studio Version 16
VisualStudioVersion = 16.0.33927.289
MinimumVisualStudioVersion = 10.0.40219.1
Project("{2150E333-8FDC-42A3-9474-1A3956D46DE8}") = "Task0", "Task0", "{FD9A63C2-7E16-427A-9C9F-C679A9B91DE0}"
EndProject
Project("{FAE04EC0-301F-11D3-BF4B-00C04F79EFBC}") = "Tyuiu.ZakharovaYV.Sprint4.Task0.V8", "Tyuiu.ZakharovaYV.Sprint4.Task0.V8\Tyuiu.ZakharovaYV.Sprint4.Task0.V8.csproj", "{30B34D90-01A7-4C59-A73B-40079500C518}"
EndProject
Project("{FAE04EC0-301F-11D3-BF4B-00C04F79EFBC}") = "Tyuiu.ZakharovaYV.Sprint4.Task0.V8.Test", "Tyuiu.ZakharovaYV.Sprint4.Task0.V8.Test\Tyuiu.ZakharovaYV.Sprint4.Task0.V8.Test.csproj", "{42F0135F-AC24-45F8-8787-E7812C2046DC}"
EndProject
Project("{FAE04EC0-301F-11D3-BF4B-00C04F79EFBC}") = "Tyuiu.ZakharovaYV.Sprint4.Task0.V8.Lib", "Tyuiu.ZakharovaYV.Sprint4.Task0.V8.Lib\Tyuiu.ZakharovaYV.Sprint4.Task0.V8.Lib.csproj", "{5156EFF6-BB1A-4313-8723-2AB18C423DF6}"
EndProject
Global
	GlobalSection(SolutionConfigurationPlatforms) = preSolution
		Debug|Any CPU = Debug|Any CPU
		Release|Any CPU = Release|Any CPU
	EndGlobalSection
	GlobalSection(ProjectConfigurationPlatforms) = postSolution
		{30B34D90-01A7-4C59-A73B-40079500C518}.Debug|Any CPU.ActiveCfg = Debug|Any CPU
		{30B34D90-01A7-4C59-A73B-40079500C518}.Debug|Any CPU.Build.0 = Debug|Any CPU
		{30B34D90-01A7-4C59-A73B-40079500C518}.Release|Any CPU.ActiveCfg = Release|Any CPU
		{30B34D90-01A7-4C59-A73B-40079500C518}.Release|Any CPU.Build.0 = Release|Any CPU
		{42F0135F-AC24-45F8-8787-E7812C2046DC}.Debug|Any CPU.ActiveCfg = Debug|Any CPU
		{42F0135F-AC24-45F8-8787-E7812C2046DC}.Debug|Any CPU.Build.0 = Debug|Any CPU
		{42F0135F-AC24-45F8-8787-E7812C2046DC}.Release|Any CPU.ActiveCfg = Release|Any CPU
		{42F0135F-AC24-45F8-8787-E7812C2046DC}.Release|Any CPU.Build.0 = Release|Any CPU
		{5156EFF6-BB1A-4313-8723-2AB18C423DF6}.Debug|Any CPU.ActiveCfg = Debug|Any CPU
		{5156EFF6-BB1A-4313-8723-2AB18C423DF6}.Debug|Any CPU.Build.0 = Debug|Any CPU
		{5156EFF6-BB1A-4313-8723-2AB18C423DF6}.Release|Any CPU.ActiveCfg = Release|Any CPU
		{5156EFF6-BB1A-4313-8723-2AB18C423DF6}.Release|Any CPU.Build.0 = Release|Any CPU
	EndGlobalSection
	GlobalSection(SolutionProperties) = preSolution
		HideSolutionNode = FALSE
	EndGlobalSection
	GlobalSection(NestedProjects) = preSolution
		{30B34D90-01A7-4C59-A73B-40079500C518} = {FD9A63C2-7E16-427A-9C9F-C679A9B91DE0}
		{42F0135F-AC24-45F8-8787-E7812C2046DC} = {FD9A63C2-7E16-427A-9C9F-C679A9B91DE0}
		{5156EFF6-BB1A-4313-8723-2AB18C423DF6} = {FD9A63C2-7E16-427A-9C9F-C679A9B91DE0}
	EndGlobalSection
	GlobalSection(ExtensibilityGlobals) = postSolution
		SolutionGuid = {A90D2B1B-E9BC-4653-BC9C-AB7367817991}
	EndGlobalSection
EndGlobal
